
Microsoft Visual Studio Solution File, Format Version 12.00
# Visual Studio 15
VisualStudioVersion = 15.0.27004.2006
MinimumVisualStudioVersion = 10.0.40219.1
Project("{9A19103F-16F7-4668-BE54-9A1E7A4F7556}") = "ScoreboardServer", "ScoreboardServer\ScoreboardServer.csproj", "{E799B925-C412-492B-A5D8-D064F2331FFC}"
EndProject
Project("{9A19103F-16F7-4668-BE54-9A1E7A4F7556}") = "Client", "Client\Client.csproj", "{CF6B7045-AD1D-4543-92B3-824A68CBA3A3}"
EndProject
Project("{9A19103F-16F7-4668-BE54-9A1E7A4F7556}") = "MvcClient", "MvcClient\MvcClient.csproj", "{AEBDF306-55FA-4B8B-A213-FDF1FE12640D}"
EndProject
Project("{9A19103F-16F7-4668-BE54-9A1E7A4F7556}") = "IdentityServerWithAspNetIdentity", "IdentityServerWithAspNetIdentity\IdentityServerWithAspNetIdentity.csproj", "{47E3E3A2-C6AD-4756-9300-6DB8A13A5E3A}"
EndProject
Global
	GlobalSection(SolutionConfigurationPlatforms) = preSolution
		Debug|Any CPU = Debug|Any CPU
		Release|Any CPU = Release|Any CPU
	EndGlobalSection
	GlobalSection(ProjectConfigurationPlatforms) = postSolution
		{E799B925-C412-492B-A5D8-D064F2331FFC}.Debug|Any CPU.ActiveCfg = Debug|Any CPU
		{E799B925-C412-492B-A5D8-D064F2331FFC}.Debug|Any CPU.Build.0 = Debug|Any CPU
		{E799B925-C412-492B-A5D8-D064F2331FFC}.Release|Any CPU.ActiveCfg = Release|Any CPU
		{E799B925-C412-492B-A5D8-D064F2331FFC}.Release|Any CPU.Build.0 = Release|Any CPU
		{CF6B7045-AD1D-4543-92B3-824A68CBA3A3}.Debug|Any CPU.ActiveCfg = Debug|Any CPU
		{CF6B7045-AD1D-4543-92B3-824A68CBA3A3}.Debug|Any CPU.Build.0 = Debug|Any CPU
		{CF6B7045-AD1D-4543-92B3-824A68CBA3A3}.Release|Any CPU.ActiveCfg = Release|Any CPU
		{CF6B7045-AD1D-4543-92B3-824A68CBA3A3}.Release|Any CPU.Build.0 = Release|Any CPU
		{AEBDF306-55FA-4B8B-A213-FDF1FE12640D}.Debug|Any CPU.ActiveCfg = Debug|Any CPU
		{AEBDF306-55FA-4B8B-A213-FDF1FE12640D}.Debug|Any CPU.Build.0 = Debug|Any CPU
		{AEBDF306-55FA-4B8B-A213-FDF1FE12640D}.Release|Any CPU.ActiveCfg = Release|Any CPU
		{AEBDF306-55FA-4B8B-A213-FDF1FE12640D}.Release|Any CPU.Build.0 = Release|Any CPU
		{47E3E3A2-C6AD-4756-9300-6DB8A13A5E3A}.Debug|Any CPU.ActiveCfg = Debug|Any CPU
		{47E3E3A2-C6AD-4756-9300-6DB8A13A5E3A}.Debug|Any CPU.Build.0 = Debug|Any CPU
		{47E3E3A2-C6AD-4756-9300-6DB8A13A5E3A}.Release|Any CPU.ActiveCfg = Release|Any CPU
		{47E3E3A2-C6AD-4756-9300-6DB8A13A5E3A}.Release|Any CPU.Build.0 = Release|Any CPU
	EndGlobalSection
	GlobalSection(SolutionProperties) = preSolution
		HideSolutionNode = FALSE
	EndGlobalSection
	GlobalSection(ExtensibilityGlobals) = postSolution
		SolutionGuid = {0F07A512-859D-4BC0-BFDD-B5782140EBD7}
	EndGlobalSection
EndGlobal
