
Microsoft Visual Studio Solution File, Format Version 12.00
# Visual Studio 15
VisualStudioVersion = 15.0.27130.2010
MinimumVisualStudioVersion = 10.0.40219.1
Project("{9A19103F-16F7-4668-BE54-9A1E7A4F7556}") = "ScoreboardServer", "ScoreboardServer\ScoreboardServer.csproj", "{E799B925-C412-492B-A5D8-D064F2331FFC}"
	ProjectSection(ProjectDependencies) = postProject
		{CA3D2D03-5B3F-496D-8832-7631B522E491} = {CA3D2D03-5B3F-496D-8832-7631B522E491}
	EndProjectSection
EndProject
Project("{9A19103F-16F7-4668-BE54-9A1E7A4F7556}") = "UnitTestProject", "UnitTestProject\UnitTestProject.csproj", "{913BA068-EAE6-4B04-B597-3113B9B3A4F2}"
EndProject
Project("{9A19103F-16F7-4668-BE54-9A1E7A4F7556}") = "IdentityServer", "IdentityServer\IdentityServer.csproj", "{CA3D2D03-5B3F-496D-8832-7631B522E491}"
EndProject
Global
	GlobalSection(SolutionConfigurationPlatforms) = preSolution
		Debug|Any CPU = Debug|Any CPU
		Release|Any CPU = Release|Any CPU
	EndGlobalSection
	GlobalSection(ProjectConfigurationPlatforms) = postSolution
		{E799B925-C412-492B-A5D8-D064F2331FFC}.Debug|Any CPU.ActiveCfg = Debug|Any CPU
		{E799B925-C412-492B-A5D8-D064F2331FFC}.Debug|Any CPU.Build.0 = Debug|Any CPU
		{E799B925-C412-492B-A5D8-D064F2331FFC}.Release|Any CPU.ActiveCfg = Release|Any CPU
		{E799B925-C412-492B-A5D8-D064F2331FFC}.Release|Any CPU.Build.0 = Release|Any CPU
		{913BA068-EAE6-4B04-B597-3113B9B3A4F2}.Debug|Any CPU.ActiveCfg = Debug|Any CPU
		{913BA068-EAE6-4B04-B597-3113B9B3A4F2}.Debug|Any CPU.Build.0 = Debug|Any CPU
		{913BA068-EAE6-4B04-B597-3113B9B3A4F2}.Release|Any CPU.ActiveCfg = Release|Any CPU
		{913BA068-EAE6-4B04-B597-3113B9B3A4F2}.Release|Any CPU.Build.0 = Release|Any CPU
		{CA3D2D03-5B3F-496D-8832-7631B522E491}.Debug|Any CPU.ActiveCfg = Debug|Any CPU
		{CA3D2D03-5B3F-496D-8832-7631B522E491}.Debug|Any CPU.Build.0 = Debug|Any CPU
		{CA3D2D03-5B3F-496D-8832-7631B522E491}.Release|Any CPU.ActiveCfg = Release|Any CPU
		{CA3D2D03-5B3F-496D-8832-7631B522E491}.Release|Any CPU.Build.0 = Release|Any CPU
	EndGlobalSection
	GlobalSection(SolutionProperties) = preSolution
		HideSolutionNode = FALSE
	EndGlobalSection
	GlobalSection(ExtensibilityGlobals) = postSolution
		SolutionGuid = {0F07A512-859D-4BC0-BFDD-B5782140EBD7}
	EndGlobalSection
EndGlobal
